
Microsoft Visual Studio Solution File, Format Version 12.00
# Visual Studio Version 16
VisualStudioVersion = 16.0.30320.27
MinimumVisualStudioVersion = 10.0.40219.1
Project("{FAE04EC0-301F-11D3-BF4B-00C04F79EFBC}") = "DMRC", "DMRC\DMRC.csproj", "{36ED450D-B870-4A07-9C34-3BA449AB6ED5}"
EndProject
Global
	GlobalSection(SolutionConfigurationPlatforms) = preSolution
		Debug|Any CPU = Debug|Any CPU
		Release|Any CPU = Release|Any CPU
	EndGlobalSection
	GlobalSection(ProjectConfigurationPlatforms) = postSolution
		{36ED450D-B870-4A07-9C34-3BA449AB6ED5}.Debug|Any CPU.ActiveCfg = Debug|Any CPU
		{36ED450D-B870-4A07-9C34-3BA449AB6ED5}.Debug|Any CPU.Build.0 = Debug|Any CPU
		{36ED450D-B870-4A07-9C34-3BA449AB6ED5}.Release|Any CPU.ActiveCfg = Release|Any CPU
		{36ED450D-B870-4A07-9C34-3BA449AB6ED5}.Release|Any CPU.Build.0 = Release|Any CPU
	EndGlobalSection
	GlobalSection(SolutionProperties) = preSolution
		HideSolutionNode = FALSE
	EndGlobalSection
	GlobalSection(ExtensibilityGlobals) = postSolution
		SolutionGuid = {E233D091-F460-4915-A2A9-A7B60D95D385}
	EndGlobalSection
EndGlobal
